// !$*UTF8*$!
{
	archiveVersion = 1;
	classes = {
	};
	objectVersion = 50;
	objects = {

/* Begin PBXBuildFile section */
		A61E45512630FE3E00905CCF /* main.swift in Sources */ = {isa = PBXBuildFile; fileRef = A61E45502630FE3E00905CCF /* main.swift */; };
		A61E4561263101E500905CCF /* Availability14Plus.swift in Sources */ = {isa = PBXBuildFile; fileRef = A61E4560263101E500905CCF /* Availability14Plus.swift */; };
		A61E45642631028A00905CCF /* Availability13Plus.swift in Sources */ = {isa = PBXBuildFile; fileRef = A61E45632631028A00905CCF /* Availability13Plus.swift */; };
		A61E45682631062D00905CCF /* Category.swift in Sources */ = {isa = PBXBuildFile; fileRef = A61E45672631062D00905CCF /* Category.swift */; };
		A61E456C2631070400905CCF /* WhatsNewArray.swift in Sources */ = {isa = PBXBuildFile; fileRef = A61E456B2631070400905CCF /* WhatsNewArray.swift */; };
		A61E45722631B60700905CCF /* MulticolorArray.swift in Sources */ = {isa = PBXBuildFile; fileRef = A61E45712631B60700905CCF /* MulticolorArray.swift */; };
		A61E45752631B67500905CCF /* CommunicationArray.swift in Sources */ = {isa = PBXBuildFile; fileRef = A61E45742631B67500905CCF /* CommunicationArray.swift */; };
		A61E45782631B6A800905CCF /* WeatherArray.swift in Sources */ = {isa = PBXBuildFile; fileRef = A61E45772631B6A800905CCF /* WeatherArray.swift */; };
		A61E457B2631B6D500905CCF /* ObjectsAndToolsArray.swift in Sources */ = {isa = PBXBuildFile; fileRef = A61E457A2631B6D500905CCF /* ObjectsAndToolsArray.swift */; };
		A61E457E2631B6FB00905CCF /* DevicesArray.swift in Sources */ = {isa = PBXBuildFile; fileRef = A61E457D2631B6FB00905CCF /* DevicesArray.swift */; };
		A61E45812631B78100905CCF /* GamingArray.swift in Sources */ = {isa = PBXBuildFile; fileRef = A61E45802631B78100905CCF /* GamingArray.swift */; };
		A61E45862631B7BB00905CCF /* ConnectivityArray.swift in Sources */ = {isa = PBXBuildFile; fileRef = A61E45852631B7BB00905CCF /* ConnectivityArray.swift */; };
		A61E45892631B7FD00905CCF /* TransportationArray.swift in Sources */ = {isa = PBXBuildFile; fileRef = A61E45882631B7FD00905CCF /* TransportationArray.swift */; };
		A61E458C2631B81600905CCF /* HumanArray.swift in Sources */ = {isa = PBXBuildFile; fileRef = A61E458B2631B81600905CCF /* HumanArray.swift */; };
		A61E458F2631B87F00905CCF /* NatureArray.swift in Sources */ = {isa = PBXBuildFile; fileRef = A61E458E2631B87F00905CCF /* NatureArray.swift */; };
		A61E45922631B89800905CCF /* EditingArray.swift in Sources */ = {isa = PBXBuildFile; fileRef = A61E45912631B89800905CCF /* EditingArray.swift */; };
		A61E45952631B8BB00905CCF /* TextFormattingArray.swift in Sources */ = {isa = PBXBuildFile; fileRef = A61E45942631B8BB00905CCF /* TextFormattingArray.swift */; };
		A61E45982631B8DF00905CCF /* MediaArray.swift in Sources */ = {isa = PBXBuildFile; fileRef = A61E45972631B8DF00905CCF /* MediaArray.swift */; };
		A61E459B2631B8FB00905CCF /* KeyboardArray.swift in Sources */ = {isa = PBXBuildFile; fileRef = A61E459A2631B8FB00905CCF /* KeyboardArray.swift */; };
		A61E459E2631B91A00905CCF /* CommerceArray.swift in Sources */ = {isa = PBXBuildFile; fileRef = A61E459D2631B91A00905CCF /* CommerceArray.swift */; };
		A61E45A12631B93900905CCF /* TimeArray.swift in Sources */ = {isa = PBXBuildFile; fileRef = A61E45A02631B93900905CCF /* TimeArray.swift */; };
		A61E45A42631B95200905CCF /* HealthArray.swift in Sources */ = {isa = PBXBuildFile; fileRef = A61E45A32631B95200905CCF /* HealthArray.swift */; };
		A61E45A72631B97300905CCF /* ShapesArray.swift in Sources */ = {isa = PBXBuildFile; fileRef = A61E45A62631B97300905CCF /* ShapesArray.swift */; };
		A61E45AA2631B98F00905CCF /* ArrowsArray.swift in Sources */ = {isa = PBXBuildFile; fileRef = A61E45A92631B98F00905CCF /* ArrowsArray.swift */; };
		A61E45AD2631B9B300905CCF /* IndicesArray.swift in Sources */ = {isa = PBXBuildFile; fileRef = A61E45AC2631B9B300905CCF /* IndicesArray.swift */; };
		A61E45B02631B9D800905CCF /* MathArray.swift in Sources */ = {isa = PBXBuildFile; fileRef = A61E45AF2631B9D800905CCF /* MathArray.swift */; };
/* End PBXBuildFile section */

/* Begin PBXCopyFilesBuildPhase section */
		A61E454B2630FE3E00905CCF /* CopyFiles */ = {
			isa = PBXCopyFilesBuildPhase;
			buildActionMask = 2147483647;
			dstPath = /usr/share/man/man1/;
			dstSubfolderSpec = 0;
			files = (
			);
			runOnlyForDeploymentPostprocessing = 1;
		};
/* End PBXCopyFilesBuildPhase section */

/* Begin PBXFileReference section */
		A61E454D2630FE3E00905CCF /* SFSymbolCreator */ = {isa = PBXFileReference; explicitFileType = "compiled.mach-o.executable"; includeInIndex = 0; path = SFSymbolCreator; sourceTree = BUILT_PRODUCTS_DIR; };
		A61E45502630FE3E00905CCF /* main.swift */ = {isa = PBXFileReference; lastKnownFileType = sourcecode.swift; path = main.swift; sourceTree = "<group>"; };
		A61E4560263101E500905CCF /* Availability14Plus.swift */ = {isa = PBXFileReference; lastKnownFileType = sourcecode.swift; path = Availability14Plus.swift; sourceTree = "<group>"; };
		A61E45632631028A00905CCF /* Availability13Plus.swift */ = {isa = PBXFileReference; lastKnownFileType = sourcecode.swift; path = Availability13Plus.swift; sourceTree = "<group>"; };
		A61E45672631062D00905CCF /* Category.swift */ = {isa = PBXFileReference; lastKnownFileType = sourcecode.swift; path = Category.swift; sourceTree = "<group>"; };
		A61E456B2631070400905CCF /* WhatsNewArray.swift */ = {isa = PBXFileReference; lastKnownFileType = sourcecode.swift; path = WhatsNewArray.swift; sourceTree = "<group>"; };
		A61E45712631B60700905CCF /* MulticolorArray.swift */ = {isa = PBXFileReference; lastKnownFileType = sourcecode.swift; path = MulticolorArray.swift; sourceTree = "<group>"; };
		A61E45742631B67500905CCF /* CommunicationArray.swift */ = {isa = PBXFileReference; lastKnownFileType = sourcecode.swift; path = CommunicationArray.swift; sourceTree = "<group>"; };
		A61E45772631B6A800905CCF /* WeatherArray.swift */ = {isa = PBXFileReference; lastKnownFileType = sourcecode.swift; path = WeatherArray.swift; sourceTree = "<group>"; };
		A61E457A2631B6D500905CCF /* ObjectsAndToolsArray.swift */ = {isa = PBXFileReference; lastKnownFileType = sourcecode.swift; path = ObjectsAndToolsArray.swift; sourceTree = "<group>"; };
		A61E457D2631B6FB00905CCF /* DevicesArray.swift */ = {isa = PBXFileReference; lastKnownFileType = sourcecode.swift; path = DevicesArray.swift; sourceTree = "<group>"; };
		A61E45802631B78100905CCF /* GamingArray.swift */ = {isa = PBXFileReference; lastKnownFileType = sourcecode.swift; path = GamingArray.swift; sourceTree = "<group>"; };
		A61E45852631B7BB00905CCF /* ConnectivityArray.swift */ = {isa = PBXFileReference; lastKnownFileType = sourcecode.swift; path = ConnectivityArray.swift; sourceTree = "<group>"; };
		A61E45882631B7FD00905CCF /* TransportationArray.swift */ = {isa = PBXFileReference; lastKnownFileType = sourcecode.swift; path = TransportationArray.swift; sourceTree = "<group>"; };
		A61E458B2631B81600905CCF /* HumanArray.swift */ = {isa = PBXFileReference; lastKnownFileType = sourcecode.swift; path = HumanArray.swift; sourceTree = "<group>"; };
		A61E458E2631B87F00905CCF /* NatureArray.swift */ = {isa = PBXFileReference; lastKnownFileType = sourcecode.swift; path = NatureArray.swift; sourceTree = "<group>"; };
		A61E45912631B89800905CCF /* EditingArray.swift */ = {isa = PBXFileReference; lastKnownFileType = sourcecode.swift; path = EditingArray.swift; sourceTree = "<group>"; };
		A61E45942631B8BB00905CCF /* TextFormattingArray.swift */ = {isa = PBXFileReference; lastKnownFileType = sourcecode.swift; path = TextFormattingArray.swift; sourceTree = "<group>"; };
		A61E45972631B8DF00905CCF /* MediaArray.swift */ = {isa = PBXFileReference; lastKnownFileType = sourcecode.swift; path = MediaArray.swift; sourceTree = "<group>"; };
		A61E459A2631B8FB00905CCF /* KeyboardArray.swift */ = {isa = PBXFileReference; lastKnownFileType = sourcecode.swift; path = KeyboardArray.swift; sourceTree = "<group>"; };
		A61E459D2631B91A00905CCF /* CommerceArray.swift */ = {isa = PBXFileReference; lastKnownFileType = sourcecode.swift; path = CommerceArray.swift; sourceTree = "<group>"; };
		A61E45A02631B93900905CCF /* TimeArray.swift */ = {isa = PBXFileReference; lastKnownFileType = sourcecode.swift; path = TimeArray.swift; sourceTree = "<group>"; };
		A61E45A32631B95200905CCF /* HealthArray.swift */ = {isa = PBXFileReference; lastKnownFileType = sourcecode.swift; path = HealthArray.swift; sourceTree = "<group>"; };
		A61E45A62631B97300905CCF /* ShapesArray.swift */ = {isa = PBXFileReference; lastKnownFileType = sourcecode.swift; path = ShapesArray.swift; sourceTree = "<group>"; };
		A61E45A92631B98F00905CCF /* ArrowsArray.swift */ = {isa = PBXFileReference; lastKnownFileType = sourcecode.swift; path = ArrowsArray.swift; sourceTree = "<group>"; };
		A61E45AC2631B9B300905CCF /* IndicesArray.swift */ = {isa = PBXFileReference; lastKnownFileType = sourcecode.swift; path = IndicesArray.swift; sourceTree = "<group>"; };
		A61E45AF2631B9D800905CCF /* MathArray.swift */ = {isa = PBXFileReference; lastKnownFileType = sourcecode.swift; path = MathArray.swift; sourceTree = "<group>"; };
/* End PBXFileReference section */

/* Begin PBXFrameworksBuildPhase section */
		A61E454A2630FE3E00905CCF /* Frameworks */ = {
			isa = PBXFrameworksBuildPhase;
			buildActionMask = 2147483647;
			files = (
			);
			runOnlyForDeploymentPostprocessing = 0;
		};
/* End PBXFrameworksBuildPhase section */

/* Begin PBXGroup section */
		A61E45442630FE3E00905CCF = {
			isa = PBXGroup;
			children = (
				A61E454F2630FE3E00905CCF /* SFSymbolCreator */,
				A61E454E2630FE3E00905CCF /* Products */,
			);
			sourceTree = "<group>";
		};
		A61E454E2630FE3E00905CCF /* Products */ = {
			isa = PBXGroup;
			children = (
				A61E454D2630FE3E00905CCF /* SFSymbolCreator */,
			);
			name = Products;
			sourceTree = "<group>";
		};
		A61E454F2630FE3E00905CCF /* SFSymbolCreator */ = {
			isa = PBXGroup;
			children = (
				A61E45502630FE3E00905CCF /* main.swift */,
				A61E45672631062D00905CCF /* Category.swift */,
				A61E45632631028A00905CCF /* Availability13Plus.swift */,
				A61E4560263101E500905CCF /* Availability14Plus.swift */,
				A61E456E2631070700905CCF /* Categories */,
			);
			path = SFSymbolCreator;
			sourceTree = "<group>";
		};
		A61E456E2631070700905CCF /* Categories */ = {
			isa = PBXGroup;
			children = (
				A61E456B2631070400905CCF /* WhatsNewArray.swift */,
				A61E45712631B60700905CCF /* MulticolorArray.swift */,
				A61E45742631B67500905CCF /* CommunicationArray.swift */,
				A61E45772631B6A800905CCF /* WeatherArray.swift */,
				A61E457A2631B6D500905CCF /* ObjectsAndToolsArray.swift */,
				A61E457D2631B6FB00905CCF /* DevicesArray.swift */,
				A61E45802631B78100905CCF /* GamingArray.swift */,
				A61E45852631B7BB00905CCF /* ConnectivityArray.swift */,
				A61E45882631B7FD00905CCF /* TransportationArray.swift */,
				A61E458B2631B81600905CCF /* HumanArray.swift */,
				A61E458E2631B87F00905CCF /* NatureArray.swift */,
				A61E45912631B89800905CCF /* EditingArray.swift */,
				A61E45942631B8BB00905CCF /* TextFormattingArray.swift */,
				A61E45972631B8DF00905CCF /* MediaArray.swift */,
				A61E459A2631B8FB00905CCF /* KeyboardArray.swift */,
				A61E459D2631B91A00905CCF /* CommerceArray.swift */,
				A61E45A02631B93900905CCF /* TimeArray.swift */,
				A61E45A32631B95200905CCF /* HealthArray.swift */,
				A61E45A62631B97300905CCF /* ShapesArray.swift */,
				A61E45A92631B98F00905CCF /* ArrowsArray.swift */,
				A61E45AC2631B9B300905CCF /* IndicesArray.swift */,
				A61E45AF2631B9D800905CCF /* MathArray.swift */,
			);
			path = Categories;
			sourceTree = "<group>";
		};
/* End PBXGroup section */

/* Begin PBXNativeTarget section */
		A61E454C2630FE3E00905CCF /* SFSymbolCreator */ = {
			isa = PBXNativeTarget;
			buildConfigurationList = A61E45542630FE3E00905CCF /* Build configuration list for PBXNativeTarget "SFSymbolCreator" */;
			buildPhases = (
				A61E45492630FE3E00905CCF /* Sources */,
				A61E454A2630FE3E00905CCF /* Frameworks */,
				A61E454B2630FE3E00905CCF /* CopyFiles */,
			);
			buildRules = (
			);
			dependencies = (
			);
			name = SFSymbolCreator;
			productName = SFSymbolCreator;
			productReference = A61E454D2630FE3E00905CCF /* SFSymbolCreator */;
			productType = "com.apple.product-type.tool";
		};
/* End PBXNativeTarget section */

/* Begin PBXProject section */
		A61E45452630FE3E00905CCF /* Project object */ = {
			isa = PBXProject;
			attributes = {
				LastSwiftUpdateCheck = 1240;
				LastUpgradeCheck = 1240;
				TargetAttributes = {
					A61E454C2630FE3E00905CCF = {
						CreatedOnToolsVersion = 12.4;
					};
				};
			};
			buildConfigurationList = A61E45482630FE3E00905CCF /* Build configuration list for PBXProject "SFSymbolCreator" */;
			compatibilityVersion = "Xcode 9.3";
			developmentRegion = en;
			hasScannedForEncodings = 0;
			knownRegions = (
				en,
				Base,
			);
			mainGroup = A61E45442630FE3E00905CCF;
			productRefGroup = A61E454E2630FE3E00905CCF /* Products */;
			projectDirPath = "";
			projectRoot = "";
			targets = (
				A61E454C2630FE3E00905CCF /* SFSymbolCreator */,
			);
		};
/* End PBXProject section */

/* Begin PBXSourcesBuildPhase section */
		A61E45492630FE3E00905CCF /* Sources */ = {
			isa = PBXSourcesBuildPhase;
			buildActionMask = 2147483647;
			files = (
				A61E45922631B89800905CCF /* EditingArray.swift in Sources */,
				A61E45862631B7BB00905CCF /* ConnectivityArray.swift in Sources */,
				A61E458C2631B81600905CCF /* HumanArray.swift in Sources */,
				A61E45682631062D00905CCF /* Category.swift in Sources */,
				A61E458F2631B87F00905CCF /* NatureArray.swift in Sources */,
				A61E45A42631B95200905CCF /* HealthArray.swift in Sources */,
				A61E457E2631B6FB00905CCF /* DevicesArray.swift in Sources */,
				A61E45982631B8DF00905CCF /* MediaArray.swift in Sources */,
				A61E45722631B60700905CCF /* MulticolorArray.swift in Sources */,
				A61E45812631B78100905CCF /* GamingArray.swift in Sources */,
				A61E4561263101E500905CCF /* Availability14Plus.swift in Sources */,
				A61E45A72631B97300905CCF /* ShapesArray.swift in Sources */,
				A61E459B2631B8FB00905CCF /* KeyboardArray.swift in Sources */,
				A61E45642631028A00905CCF /* Availability13Plus.swift in Sources */,
				A61E459E2631B91A00905CCF /* CommerceArray.swift in Sources */,
				A61E457B2631B6D500905CCF /* ObjectsAndToolsArray.swift in Sources */,
				A61E45782631B6A800905CCF /* WeatherArray.swift in Sources */,
				A61E45AA2631B98F00905CCF /* ArrowsArray.swift in Sources */,
				A61E45512630FE3E00905CCF /* main.swift in Sources */,
				A61E45B02631B9D800905CCF /* MathArray.swift in Sources */,
				A61E45752631B67500905CCF /* CommunicationArray.swift in Sources */,
				A61E45A12631B93900905CCF /* TimeArray.swift in Sources */,
				A61E45AD2631B9B300905CCF /* IndicesArray.swift in Sources */,
				A61E45892631B7FD00905CCF /* TransportationArray.swift in Sources */,
				A61E456C2631070400905CCF /* WhatsNewArray.swift in Sources */,
				A61E45952631B8BB00905CCF /* TextFormattingArray.swift in Sources */,
			);
			runOnlyForDeploymentPostprocessing = 0;
		};
/* End PBXSourcesBuildPhase section */

/* Begin XCBuildConfiguration section */
		A61E45522630FE3E00905CCF /* Debug */ = {
			isa = XCBuildConfiguration;
			buildSettings = {
				ALWAYS_SEARCH_USER_PATHS = NO;
				CLANG_ANALYZER_NONNULL = YES;
				CLANG_ANALYZER_NUMBER_OBJECT_CONVERSION = YES_AGGRESSIVE;
				CLANG_CXX_LANGUAGE_STANDARD = "gnu++14";
				CLANG_CXX_LIBRARY = "libc++";
				CLANG_ENABLE_MODULES = YES;
				CLANG_ENABLE_OBJC_ARC = YES;
				CLANG_ENABLE_OBJC_WEAK = YES;
				CLANG_WARN_BLOCK_CAPTURE_AUTORELEASING = YES;
				CLANG_WARN_BOOL_CONVERSION = YES;
				CLANG_WARN_COMMA = YES;
				CLANG_WARN_CONSTANT_CONVERSION = YES;
				CLANG_WARN_DEPRECATED_OBJC_IMPLEMENTATIONS = YES;
				CLANG_WARN_DIRECT_OBJC_ISA_USAGE = YES_ERROR;
				CLANG_WARN_DOCUMENTATION_COMMENTS = YES;
				CLANG_WARN_EMPTY_BODY = YES;
				CLANG_WARN_ENUM_CONVERSION = YES;
				CLANG_WARN_INFINITE_RECURSION = YES;
				CLANG_WARN_INT_CONVERSION = YES;
				CLANG_WARN_NON_LITERAL_NULL_CONVERSION = YES;
				CLANG_WARN_OBJC_IMPLICIT_RETAIN_SELF = YES;
				CLANG_WARN_OBJC_LITERAL_CONVERSION = YES;
				CLANG_WARN_OBJC_ROOT_CLASS = YES_ERROR;
				CLANG_WARN_QUOTED_INCLUDE_IN_FRAMEWORK_HEADER = YES;
				CLANG_WARN_RANGE_LOOP_ANALYSIS = YES;
				CLANG_WARN_STRICT_PROTOTYPES = YES;
				CLANG_WARN_SUSPICIOUS_MOVE = YES;
				CLANG_WARN_UNGUARDED_AVAILABILITY = YES_AGGRESSIVE;
				CLANG_WARN_UNREACHABLE_CODE = YES;
				CLANG_WARN__DUPLICATE_METHOD_MATCH = YES;
				COPY_PHASE_STRIP = NO;
				DEBUG_INFORMATION_FORMAT = dwarf;
				ENABLE_STRICT_OBJC_MSGSEND = YES;
				ENABLE_TESTABILITY = YES;
				GCC_C_LANGUAGE_STANDARD = gnu11;
				GCC_DYNAMIC_NO_PIC = NO;
				GCC_NO_COMMON_BLOCKS = YES;
				GCC_OPTIMIZATION_LEVEL = 0;
				GCC_PREPROCESSOR_DEFINITIONS = (
					"DEBUG=1",
					"$(inherited)",
				);
				GCC_WARN_64_TO_32_BIT_CONVERSION = YES;
				GCC_WARN_ABOUT_RETURN_TYPE = YES_ERROR;
				GCC_WARN_UNDECLARED_SELECTOR = YES;
				GCC_WARN_UNINITIALIZED_AUTOS = YES_AGGRESSIVE;
				GCC_WARN_UNUSED_FUNCTION = YES;
				GCC_WARN_UNUSED_VARIABLE = YES;
				MACOSX_DEPLOYMENT_TARGET = 11.1;
				MTL_ENABLE_DEBUG_INFO = INCLUDE_SOURCE;
				MTL_FAST_MATH = YES;
				ONLY_ACTIVE_ARCH = YES;
				SDKROOT = macosx;
				SWIFT_ACTIVE_COMPILATION_CONDITIONS = DEBUG;
				SWIFT_OPTIMIZATION_LEVEL = "-Onone";
			};
			name = Debug;
		};
		A61E45532630FE3E00905CCF /* Release */ = {
			isa = XCBuildConfiguration;
			buildSettings = {
				ALWAYS_SEARCH_USER_PATHS = NO;
				CLANG_ANALYZER_NONNULL = YES;
				CLANG_ANALYZER_NUMBER_OBJECT_CONVERSION = YES_AGGRESSIVE;
				CLANG_CXX_LANGUAGE_STANDARD = "gnu++14";
				CLANG_CXX_LIBRARY = "libc++";
				CLANG_ENABLE_MODULES = YES;
				CLANG_ENABLE_OBJC_ARC = YES;
				CLANG_ENABLE_OBJC_WEAK = YES;
				CLANG_WARN_BLOCK_CAPTURE_AUTORELEASING = YES;
				CLANG_WARN_BOOL_CONVERSION = YES;
				CLANG_WARN_COMMA = YES;
				CLANG_WARN_CONSTANT_CONVERSION = YES;
				CLANG_WARN_DEPRECATED_OBJC_IMPLEMENTATIONS = YES;
				CLANG_WARN_DIRECT_OBJC_ISA_USAGE = YES_ERROR;
				CLANG_WARN_DOCUMENTATION_COMMENTS = YES;
				CLANG_WARN_EMPTY_BODY = YES;
				CLANG_WARN_ENUM_CONVERSION = YES;
				CLANG_WARN_INFINITE_RECURSION = YES;
				CLANG_WARN_INT_CONVERSION = YES;
				CLANG_WARN_NON_LITERAL_NULL_CONVERSION = YES;
				CLANG_WARN_OBJC_IMPLICIT_RETAIN_SELF = YES;
				CLANG_WARN_OBJC_LITERAL_CONVERSION = YES;
				CLANG_WARN_OBJC_ROOT_CLASS = YES_ERROR;
				CLANG_WARN_QUOTED_INCLUDE_IN_FRAMEWORK_HEADER = YES;
				CLANG_WARN_RANGE_LOOP_ANALYSIS = YES;
				CLANG_WARN_STRICT_PROTOTYPES = YES;
				CLANG_WARN_SUSPICIOUS_MOVE = YES;
				CLANG_WARN_UNGUARDED_AVAILABILITY = YES_AGGRESSIVE;
				CLANG_WARN_UNREACHABLE_CODE = YES;
				CLANG_WARN__DUPLICATE_METHOD_MATCH = YES;
				COPY_PHASE_STRIP = NO;
				DEBUG_INFORMATION_FORMAT = "dwarf-with-dsym";
				ENABLE_NS_ASSERTIONS = NO;
				ENABLE_STRICT_OBJC_MSGSEND = YES;
				GCC_C_LANGUAGE_STANDARD = gnu11;
				GCC_NO_COMMON_BLOCKS = YES;
				GCC_WARN_64_TO_32_BIT_CONVERSION = YES;
				GCC_WARN_ABOUT_RETURN_TYPE = YES_ERROR;
				GCC_WARN_UNDECLARED_SELECTOR = YES;
				GCC_WARN_UNINITIALIZED_AUTOS = YES_AGGRESSIVE;
				GCC_WARN_UNUSED_FUNCTION = YES;
				GCC_WARN_UNUSED_VARIABLE = YES;
				MACOSX_DEPLOYMENT_TARGET = 11.1;
				MTL_ENABLE_DEBUG_INFO = NO;
				MTL_FAST_MATH = YES;
				SDKROOT = macosx;
				SWIFT_COMPILATION_MODE = wholemodule;
				SWIFT_OPTIMIZATION_LEVEL = "-O";
			};
			name = Release;
		};
		A61E45552630FE3E00905CCF /* Debug */ = {
			isa = XCBuildConfiguration;
			buildSettings = {
				CODE_SIGN_STYLE = Automatic;
				DEVELOPMENT_TEAM = SBS8ZBXB9U;
				ENABLE_HARDENED_RUNTIME = YES;
				PRODUCT_NAME = "$(TARGET_NAME)";
				SWIFT_VERSION = 5.0;
			};
			name = Debug;
		};
		A61E45562630FE3E00905CCF /* Release */ = {
			isa = XCBuildConfiguration;
			buildSettings = {
				CODE_SIGN_STYLE = Automatic;
				DEVELOPMENT_TEAM = SBS8ZBXB9U;
				ENABLE_HARDENED_RUNTIME = YES;
				PRODUCT_NAME = "$(TARGET_NAME)";
				SWIFT_VERSION = 5.0;
			};
			name = Release;
		};
/* End XCBuildConfiguration section */

/* Begin XCConfigurationList section */
		A61E45482630FE3E00905CCF /* Build configuration list for PBXProject "SFSymbolCreator" */ = {
			isa = XCConfigurationList;
			buildConfigurations = (
				A61E45522630FE3E00905CCF /* Debug */,
				A61E45532630FE3E00905CCF /* Release */,
			);
			defaultConfigurationIsVisible = 0;
			defaultConfigurationName = Release;
		};
		A61E45542630FE3E00905CCF /* Build configuration list for PBXNativeTarget "SFSymbolCreator" */ = {
			isa = XCConfigurationList;
			buildConfigurations = (
				A61E45552630FE3E00905CCF /* Debug */,
				A61E45562630FE3E00905CCF /* Release */,
			);
			defaultConfigurationIsVisible = 0;
			defaultConfigurationName = Release;
		};
/* End XCConfigurationList section */
	};
	rootObject = A61E45452630FE3E00905CCF /* Project object */;
}
